
Microsoft Visual Studio Solution File, Format Version 12.00
# Visual Studio Version 17
VisualStudioVersion = 17.9.34723.18
MinimumVisualStudioVersion = 10.0.40219.1
Project("{FAE04EC0-301F-11D3-BF4B-00C04F79EFBC}") = "UserAgentApi", "UserAgentApi\UserAgentApi.csproj", "{D27663AC-B35F-40B3-A0D4-4D1342A6A5DB}"
EndProject
Project("{E53339B2-1760-4266-BCC7-CA923CBCF16C}") = "docker-compose", "docker-compose.dcproj", "{CCC6875C-496A-45C5-8A65-E339DF4711FB}"
EndProject
Global
	GlobalSection(SolutionConfigurationPlatforms) = preSolution
		Debug|Any CPU = Debug|Any CPU
		Release|Any CPU = Release|Any CPU
	EndGlobalSection
	GlobalSection(ProjectConfigurationPlatforms) = postSolution
		{D27663AC-B35F-40B3-A0D4-4D1342A6A5DB}.Debug|Any CPU.ActiveCfg = Debug|Any CPU
		{D27663AC-B35F-40B3-A0D4-4D1342A6A5DB}.Debug|Any CPU.Build.0 = Debug|Any CPU
		{D27663AC-B35F-40B3-A0D4-4D1342A6A5DB}.Release|Any CPU.ActiveCfg = Release|Any CPU
		{D27663AC-B35F-40B3-A0D4-4D1342A6A5DB}.Release|Any CPU.Build.0 = Release|Any CPU
		{CCC6875C-496A-45C5-8A65-E339DF4711FB}.Debug|Any CPU.ActiveCfg = Debug|Any CPU
		{CCC6875C-496A-45C5-8A65-E339DF4711FB}.Debug|Any CPU.Build.0 = Debug|Any CPU
		{CCC6875C-496A-45C5-8A65-E339DF4711FB}.Release|Any CPU.ActiveCfg = Release|Any CPU
		{CCC6875C-496A-45C5-8A65-E339DF4711FB}.Release|Any CPU.Build.0 = Release|Any CPU
	EndGlobalSection
	GlobalSection(SolutionProperties) = preSolution
		HideSolutionNode = FALSE
	EndGlobalSection
	GlobalSection(ExtensibilityGlobals) = postSolution
		SolutionGuid = {C107BE11-CAF9-46AE-A8C9-866320410985}
	EndGlobalSection
EndGlobal
